// !$*UTF8*$!
{
	archiveVersion = 1;
	classes = {
	};
	objectVersion = 46;
	objects = {

/* Begin PBXBuildFile section */
		0BCCC7BC0613661DA3371DFF /* Pods.framework in Frameworks */ = {isa = PBXBuildFile; fileRef = 33E817A7AD846D103D72E748 /* Pods.framework */; settings = {ATTRIBUTES = (Weak, ); }; };
		26110C2A1BB52DD100B0C63B /* podfile in Resources */ = {isa = PBXBuildFile; fileRef = 26110C291BB52DD100B0C63B /* podfile */; settings = {ASSET_TAGS = (); }; };
		2634DE901BB52A1A00F7EF4A /* main.m in Sources */ = {isa = PBXBuildFile; fileRef = 2634DE8F1BB52A1A00F7EF4A /* main.m */; };
		2634DE931BB52A1A00F7EF4A /* AppDelegate.m in Sources */ = {isa = PBXBuildFile; fileRef = 2634DE921BB52A1A00F7EF4A /* AppDelegate.m */; };
		2634DE961BB52A1A00F7EF4A /* ViewController.m in Sources */ = {isa = PBXBuildFile; fileRef = 2634DE951BB52A1A00F7EF4A /* ViewController.m */; };
		2634DE991BB52A1A00F7EF4A /* Main.storyboard in Resources */ = {isa = PBXBuildFile; fileRef = 2634DE971BB52A1A00F7EF4A /* Main.storyboard */; };
		2634DE9B1BB52A1A00F7EF4A /* Assets.xcassets in Resources */ = {isa = PBXBuildFile; fileRef = 2634DE9A1BB52A1A00F7EF4A /* Assets.xcassets */; };
		2634DE9E1BB52A1A00F7EF4A /* LaunchScreen.storyboard in Resources */ = {isa = PBXBuildFile; fileRef = 2634DE9C1BB52A1A00F7EF4A /* LaunchScreen.storyboard */; };
		2634DEA91BB52A1A00F7EF4A /* egov_dtpTests.m in Sources */ = {isa = PBXBuildFile; fileRef = 2634DEA81BB52A1A00F7EF4A /* egov_dtpTests.m */; };
		2634DEB41BB52A1A00F7EF4A /* egov_dtpUITests.m in Sources */ = {isa = PBXBuildFile; fileRef = 2634DEB31BB52A1A00F7EF4A /* egov_dtpUITests.m */; };
		26DA16A81BB582DD00EFC2DC /* UIColor+Helpers.m in Sources */ = {isa = PBXBuildFile; fileRef = 26DA16A51BB582DD00EFC2DC /* UIColor+Helpers.m */; settings = {ASSET_TAGS = (); }; };
		26DA16A91BB582DD00EFC2DC /* UIImage+Helpers.m in Sources */ = {isa = PBXBuildFile; fileRef = 26DA16A71BB582DD00EFC2DC /* UIImage+Helpers.m */; settings = {ASSET_TAGS = (); }; };
/* End PBXBuildFile section */

/* Begin PBXContainerItemProxy section */
		2634DEA51BB52A1A00F7EF4A /* PBXContainerItemProxy */ = {
			isa = PBXContainerItemProxy;
			containerPortal = 2634DE831BB52A1900F7EF4A /* Project object */;
			proxyType = 1;
			remoteGlobalIDString = 2634DE8A1BB52A1900F7EF4A;
			remoteInfo = egov_dtp;
		};
		2634DEB01BB52A1A00F7EF4A /* PBXContainerItemProxy */ = {
			isa = PBXContainerItemProxy;
			containerPortal = 2634DE831BB52A1900F7EF4A /* Project object */;
			proxyType = 1;
			remoteGlobalIDString = 2634DE8A1BB52A1900F7EF4A;
			remoteInfo = egov_dtp;
		};
/* End PBXContainerItemProxy section */

/* Begin PBXFileReference section */
		26110C291BB52DD100B0C63B /* podfile */ = {isa = PBXFileReference; fileEncoding = 4; lastKnownFileType = text; path = podfile; sourceTree = "<group>"; };
		2634DE8B1BB52A1900F7EF4A /* egov_dtp.app */ = {isa = PBXFileReference; explicitFileType = wrapper.application; includeInIndex = 0; path = egov_dtp.app; sourceTree = BUILT_PRODUCTS_DIR; };
		2634DE8F1BB52A1A00F7EF4A /* main.m */ = {isa = PBXFileReference; lastKnownFileType = sourcecode.c.objc; path = main.m; sourceTree = "<group>"; };
		2634DE911BB52A1A00F7EF4A /* AppDelegate.h */ = {isa = PBXFileReference; lastKnownFileType = sourcecode.c.h; name = AppDelegate.h; path = egov_dtp/AppDelegate.h; sourceTree = "<group>"; };
		2634DE921BB52A1A00F7EF4A /* AppDelegate.m */ = {isa = PBXFileReference; lastKnownFileType = sourcecode.c.objc; name = AppDelegate.m; path = egov_dtp/AppDelegate.m; sourceTree = "<group>"; };
		2634DE941BB52A1A00F7EF4A /* ViewController.h */ = {isa = PBXFileReference; lastKnownFileType = sourcecode.c.h; name = ViewController.h; path = egov_dtp/ViewController.h; sourceTree = "<group>"; };
		2634DE951BB52A1A00F7EF4A /* ViewController.m */ = {isa = PBXFileReference; lastKnownFileType = sourcecode.c.objc; name = ViewController.m; path = egov_dtp/ViewController.m; sourceTree = "<group>"; };
		2634DE981BB52A1A00F7EF4A /* Base */ = {isa = PBXFileReference; lastKnownFileType = file.storyboard; name = Base; path = Base.lproj/Main.storyboard; sourceTree = "<group>"; };
		2634DE9A1BB52A1A00F7EF4A /* Assets.xcassets */ = {isa = PBXFileReference; lastKnownFileType = folder.assetcatalog; path = Assets.xcassets; sourceTree = "<group>"; };
		2634DE9D1BB52A1A00F7EF4A /* Base */ = {isa = PBXFileReference; lastKnownFileType = file.storyboard; name = Base; path = Base.lproj/LaunchScreen.storyboard; sourceTree = "<group>"; };
		2634DE9F1BB52A1A00F7EF4A /* Info.plist */ = {isa = PBXFileReference; lastKnownFileType = text.plist.xml; path = Info.plist; sourceTree = "<group>"; };
		2634DEA41BB52A1A00F7EF4A /* egov_dtpTests.xctest */ = {isa = PBXFileReference; explicitFileType = wrapper.cfbundle; includeInIndex = 0; path = egov_dtpTests.xctest; sourceTree = BUILT_PRODUCTS_DIR; };
		2634DEA81BB52A1A00F7EF4A /* egov_dtpTests.m */ = {isa = PBXFileReference; lastKnownFileType = sourcecode.c.objc; path = egov_dtpTests.m; sourceTree = "<group>"; };
		2634DEAA1BB52A1A00F7EF4A /* Info.plist */ = {isa = PBXFileReference; lastKnownFileType = text.plist.xml; path = Info.plist; sourceTree = "<group>"; };
		2634DEAF1BB52A1A00F7EF4A /* egov_dtpUITests.xctest */ = {isa = PBXFileReference; explicitFileType = wrapper.cfbundle; includeInIndex = 0; path = egov_dtpUITests.xctest; sourceTree = BUILT_PRODUCTS_DIR; };
		2634DEB31BB52A1A00F7EF4A /* egov_dtpUITests.m */ = {isa = PBXFileReference; lastKnownFileType = sourcecode.c.objc; path = egov_dtpUITests.m; sourceTree = "<group>"; };
		2634DEB51BB52A1A00F7EF4A /* Info.plist */ = {isa = PBXFileReference; lastKnownFileType = text.plist.xml; path = Info.plist; sourceTree = "<group>"; };
		26DA16A31BB582DD00EFC2DC /* Macros.h */ = {isa = PBXFileReference; fileEncoding = 4; lastKnownFileType = sourcecode.c.h; name = Macros.h; path = egov_dtp/Macros.h; sourceTree = "<group>"; };
		26DA16A41BB582DD00EFC2DC /* UIColor+Helpers.h */ = {isa = PBXFileReference; fileEncoding = 4; lastKnownFileType = sourcecode.c.h; name = "UIColor+Helpers.h"; path = "egov_dtp/UIColor+Helpers.h"; sourceTree = "<group>"; };
		26DA16A51BB582DD00EFC2DC /* UIColor+Helpers.m */ = {isa = PBXFileReference; fileEncoding = 4; lastKnownFileType = sourcecode.c.objc; name = "UIColor+Helpers.m"; path = "egov_dtp/UIColor+Helpers.m"; sourceTree = "<group>"; };
		26DA16A61BB582DD00EFC2DC /* UIImage+Helpers.h */ = {isa = PBXFileReference; fileEncoding = 4; lastKnownFileType = sourcecode.c.h; name = "UIImage+Helpers.h"; path = "egov_dtp/UIImage+Helpers.h"; sourceTree = "<group>"; };
		26DA16A71BB582DD00EFC2DC /* UIImage+Helpers.m */ = {isa = PBXFileReference; fileEncoding = 4; lastKnownFileType = sourcecode.c.objc; name = "UIImage+Helpers.m"; path = "egov_dtp/UIImage+Helpers.m"; sourceTree = "<group>"; };
		33E817A7AD846D103D72E748 /* Pods.framework */ = {isa = PBXFileReference; explicitFileType = wrapper.framework; includeInIndex = 0; path = Pods.framework; sourceTree = BUILT_PRODUCTS_DIR; };
		741245E981599091538023C4 /* Pods.debug.xcconfig */ = {isa = PBXFileReference; includeInIndex = 1; lastKnownFileType = text.xcconfig; name = Pods.debug.xcconfig; path = "Pods/Target Support Files/Pods/Pods.debug.xcconfig"; sourceTree = "<group>"; };
		97ACC26232790107BB10DAD2 /* Pods.release.xcconfig */ = {isa = PBXFileReference; includeInIndex = 1; lastKnownFileType = text.xcconfig; name = Pods.release.xcconfig; path = "Pods/Target Support Files/Pods/Pods.release.xcconfig"; sourceTree = "<group>"; };
/* End PBXFileReference section */

/* Begin PBXFrameworksBuildPhase section */
		2634DE881BB52A1900F7EF4A /* Frameworks */ = {
			isa = PBXFrameworksBuildPhase;
			buildActionMask = 2147483647;
			files = (
				0BCCC7BC0613661DA3371DFF /* Pods.framework in Frameworks */,
			);
			runOnlyForDeploymentPostprocessing = 0;
		};
		2634DEA11BB52A1A00F7EF4A /* Frameworks */ = {
			isa = PBXFrameworksBuildPhase;
			buildActionMask = 2147483647;
			files = (
			);
			runOnlyForDeploymentPostprocessing = 0;
		};
		2634DEAC1BB52A1A00F7EF4A /* Frameworks */ = {
			isa = PBXFrameworksBuildPhase;
			buildActionMask = 2147483647;
			files = (
			);
			runOnlyForDeploymentPostprocessing = 0;
		};
/* End PBXFrameworksBuildPhase section */

/* Begin PBXGroup section */
		158B9BE7B73822477949F7D8 /* Frameworks */ = {
			isa = PBXGroup;
			children = (
				33E817A7AD846D103D72E748 /* Pods.framework */,
			);
			name = Frameworks;
			sourceTree = "<group>";
		};
		2634DE821BB52A1900F7EF4A = {
			isa = PBXGroup;
			children = (
				26110C291BB52DD100B0C63B /* podfile */,
				26DA169B1BB57EF400EFC2DC /* Helpers */,
				2634DEC11BB52A2500F7EF4A /* Main Classes */,
				2634DE8D1BB52A1A00F7EF4A /* egov_dtp */,
				2634DEA71BB52A1A00F7EF4A /* egov_dtpTests */,
				2634DEB21BB52A1A00F7EF4A /* egov_dtpUITests */,
				2634DE8C1BB52A1900F7EF4A /* Products */,
				4E148D9FF79FBEF4EE890732 /* Pods */,
				158B9BE7B73822477949F7D8 /* Frameworks */,
			);
			sourceTree = "<group>";
		};
		2634DE8C1BB52A1900F7EF4A /* Products */ = {
			isa = PBXGroup;
			children = (
				2634DE8B1BB52A1900F7EF4A /* egov_dtp.app */,
				2634DEA41BB52A1A00F7EF4A /* egov_dtpTests.xctest */,
				2634DEAF1BB52A1A00F7EF4A /* egov_dtpUITests.xctest */,
			);
			name = Products;
			sourceTree = "<group>";
		};
		2634DE8D1BB52A1A00F7EF4A /* egov_dtp */ = {
			isa = PBXGroup;
			children = (
				2634DE971BB52A1A00F7EF4A /* Main.storyboard */,
				2634DE9A1BB52A1A00F7EF4A /* Assets.xcassets */,
				2634DE9C1BB52A1A00F7EF4A /* LaunchScreen.storyboard */,
				2634DE9F1BB52A1A00F7EF4A /* Info.plist */,
				2634DE8E1BB52A1A00F7EF4A /* Supporting Files */,
			);
			path = egov_dtp;
			sourceTree = "<group>";
		};
		2634DE8E1BB52A1A00F7EF4A /* Supporting Files */ = {
			isa = PBXGroup;
			children = (
				2634DE8F1BB52A1A00F7EF4A /* main.m */,
			);
			name = "Supporting Files";
			sourceTree = "<group>";
		};
		2634DEA71BB52A1A00F7EF4A /* egov_dtpTests */ = {
			isa = PBXGroup;
			children = (
				2634DEA81BB52A1A00F7EF4A /* egov_dtpTests.m */,
				2634DEAA1BB52A1A00F7EF4A /* Info.plist */,
			);
			path = egov_dtpTests;
			sourceTree = "<group>";
		};
		2634DEB21BB52A1A00F7EF4A /* egov_dtpUITests */ = {
			isa = PBXGroup;
			children = (
				2634DEB31BB52A1A00F7EF4A /* egov_dtpUITests.m */,
				2634DEB51BB52A1A00F7EF4A /* Info.plist */,
			);
			path = egov_dtpUITests;
			sourceTree = "<group>";
		};
		2634DEC11BB52A2500F7EF4A /* Main Classes */ = {
			isa = PBXGroup;
			children = (
				2634DE911BB52A1A00F7EF4A /* AppDelegate.h */,
				2634DE921BB52A1A00F7EF4A /* AppDelegate.m */,
				2634DE941BB52A1A00F7EF4A /* ViewController.h */,
				2634DE951BB52A1A00F7EF4A /* ViewController.m */,
			);
			name = "Main Classes";
			sourceTree = "<group>";
		};
		26DA169B1BB57EF400EFC2DC /* Helpers */ = {
			isa = PBXGroup;
			children = (
				26DA16A31BB582DD00EFC2DC /* Macros.h */,
				26DA16A41BB582DD00EFC2DC /* UIColor+Helpers.h */,
				26DA16A51BB582DD00EFC2DC /* UIColor+Helpers.m */,
				26DA16A61BB582DD00EFC2DC /* UIImage+Helpers.h */,
				26DA16A71BB582DD00EFC2DC /* UIImage+Helpers.m */,
			);
			name = Helpers;
			sourceTree = "<group>";
		};
		4E148D9FF79FBEF4EE890732 /* Pods */ = {
			isa = PBXGroup;
			children = (
				741245E981599091538023C4 /* Pods.debug.xcconfig */,
				97ACC26232790107BB10DAD2 /* Pods.release.xcconfig */,
			);
			name = Pods;
			sourceTree = "<group>";
		};
/* End PBXGroup section */

/* Begin PBXNativeTarget section */
		2634DE8A1BB52A1900F7EF4A /* egov_dtp */ = {
			isa = PBXNativeTarget;
			buildConfigurationList = 2634DEB81BB52A1A00F7EF4A /* Build configuration list for PBXNativeTarget "egov_dtp" */;
			buildPhases = (
				C39036210F832F70AA2E1172 /* Check Pods Manifest.lock */,
				2634DE871BB52A1900F7EF4A /* Sources */,
				2634DE881BB52A1900F7EF4A /* Frameworks */,
				2634DE891BB52A1900F7EF4A /* Resources */,
				EDA37F64F24BA53C75EFC601 /* Embed Pods Frameworks */,
				C27AE3D8807A667D9744753B /* Copy Pods Resources */,
			);
			buildRules = (
			);
			dependencies = (
			);
			name = egov_dtp;
			productName = egov_dtp;
			productReference = 2634DE8B1BB52A1900F7EF4A /* egov_dtp.app */;
			productType = "com.apple.product-type.application";
		};
		2634DEA31BB52A1A00F7EF4A /* egov_dtpTests */ = {
			isa = PBXNativeTarget;
			buildConfigurationList = 2634DEBB1BB52A1A00F7EF4A /* Build configuration list for PBXNativeTarget "egov_dtpTests" */;
			buildPhases = (
				2634DEA01BB52A1A00F7EF4A /* Sources */,
				2634DEA11BB52A1A00F7EF4A /* Frameworks */,
				2634DEA21BB52A1A00F7EF4A /* Resources */,
			);
			buildRules = (
			);
			dependencies = (
				2634DEA61BB52A1A00F7EF4A /* PBXTargetDependency */,
			);
			name = egov_dtpTests;
			productName = egov_dtpTests;
			productReference = 2634DEA41BB52A1A00F7EF4A /* egov_dtpTests.xctest */;
			productType = "com.apple.product-type.bundle.unit-test";
		};
		2634DEAE1BB52A1A00F7EF4A /* egov_dtpUITests */ = {
			isa = PBXNativeTarget;
			buildConfigurationList = 2634DEBE1BB52A1A00F7EF4A /* Build configuration list for PBXNativeTarget "egov_dtpUITests" */;
			buildPhases = (
				2634DEAB1BB52A1A00F7EF4A /* Sources */,
				2634DEAC1BB52A1A00F7EF4A /* Frameworks */,
				2634DEAD1BB52A1A00F7EF4A /* Resources */,
			);
			buildRules = (
			);
			dependencies = (
				2634DEB11BB52A1A00F7EF4A /* PBXTargetDependency */,
			);
			name = egov_dtpUITests;
			productName = egov_dtpUITests;
			productReference = 2634DEAF1BB52A1A00F7EF4A /* egov_dtpUITests.xctest */;
			productType = "com.apple.product-type.bundle.ui-testing";
		};
/* End PBXNativeTarget section */

/* Begin PBXProject section */
		2634DE831BB52A1900F7EF4A /* Project object */ = {
			isa = PBXProject;
			attributes = {
				LastUpgradeCheck = 0700;
				ORGANIZATIONNAME = "Даурен Макул";
				TargetAttributes = {
					2634DE8A1BB52A1900F7EF4A = {
						CreatedOnToolsVersion = 7.0;
					};
					2634DEA31BB52A1A00F7EF4A = {
						CreatedOnToolsVersion = 7.0;
						TestTargetID = 2634DE8A1BB52A1900F7EF4A;
					};
					2634DEAE1BB52A1A00F7EF4A = {
						CreatedOnToolsVersion = 7.0;
						TestTargetID = 2634DE8A1BB52A1900F7EF4A;
					};
				};
			};
			buildConfigurationList = 2634DE861BB52A1900F7EF4A /* Build configuration list for PBXProject "egov_dtp" */;
			compatibilityVersion = "Xcode 3.2";
			developmentRegion = English;
			hasScannedForEncodings = 0;
			knownRegions = (
				en,
				Base,
			);
			mainGroup = 2634DE821BB52A1900F7EF4A;
			productRefGroup = 2634DE8C1BB52A1900F7EF4A /* Products */;
			projectDirPath = "";
			projectRoot = "";
			targets = (
				2634DE8A1BB52A1900F7EF4A /* egov_dtp */,
				2634DEA31BB52A1A00F7EF4A /* egov_dtpTests */,
				2634DEAE1BB52A1A00F7EF4A /* egov_dtpUITests */,
			);
		};
/* End PBXProject section */

/* Begin PBXResourcesBuildPhase section */
		2634DE891BB52A1900F7EF4A /* Resources */ = {
			isa = PBXResourcesBuildPhase;
			buildActionMask = 2147483647;
			files = (
				2634DE9E1BB52A1A00F7EF4A /* LaunchScreen.storyboard in Resources */,
				2634DE9B1BB52A1A00F7EF4A /* Assets.xcassets in Resources */,
				26110C2A1BB52DD100B0C63B /* podfile in Resources */,
				2634DE991BB52A1A00F7EF4A /* Main.storyboard in Resources */,
			);
			runOnlyForDeploymentPostprocessing = 0;
		};
		2634DEA21BB52A1A00F7EF4A /* Resources */ = {
			isa = PBXResourcesBuildPhase;
			buildActionMask = 2147483647;
			files = (
			);
			runOnlyForDeploymentPostprocessing = 0;
		};
		2634DEAD1BB52A1A00F7EF4A /* Resources */ = {
			isa = PBXResourcesBuildPhase;
			buildActionMask = 2147483647;
			files = (
			);
			runOnlyForDeploymentPostprocessing = 0;
		};
/* End PBXResourcesBuildPhase section */

/* Begin PBXShellScriptBuildPhase section */
		C27AE3D8807A667D9744753B /* Copy Pods Resources */ = {
			isa = PBXShellScriptBuildPhase;
			buildActionMask = 2147483647;
			files = (
			);
			inputPaths = (
			);
			name = "Copy Pods Resources";
			outputPaths = (
			);
			runOnlyForDeploymentPostprocessing = 0;
			shellPath = /bin/sh;
			shellScript = "\"${SRCROOT}/Pods/Target Support Files/Pods/Pods-resources.sh\"\n";
			showEnvVarsInLog = 0;
		};
		C39036210F832F70AA2E1172 /* Check Pods Manifest.lock */ = {
			isa = PBXShellScriptBuildPhase;
			buildActionMask = 2147483647;
			files = (
			);
			inputPaths = (
			);
			name = "Check Pods Manifest.lock";
			outputPaths = (
			);
			runOnlyForDeploymentPostprocessing = 0;
			shellPath = /bin/sh;
			shellScript = "diff \"${PODS_ROOT}/../Podfile.lock\" \"${PODS_ROOT}/Manifest.lock\" > /dev/null\nif [[ $? != 0 ]] ; then\n    cat << EOM\nerror: The sandbox is not in sync with the Podfile.lock. Run 'pod install' or update your CocoaPods installation.\nEOM\n    exit 1\nfi\n";
			showEnvVarsInLog = 0;
		};
		EDA37F64F24BA53C75EFC601 /* Embed Pods Frameworks */ = {
			isa = PBXShellScriptBuildPhase;
			buildActionMask = 2147483647;
			files = (
			);
			inputPaths = (
			);
			name = "Embed Pods Frameworks";
			outputPaths = (
			);
			runOnlyForDeploymentPostprocessing = 0;
			shellPath = /bin/sh;
			shellScript = "\"${SRCROOT}/Pods/Target Support Files/Pods/Pods-frameworks.sh\"\n";
			showEnvVarsInLog = 0;
		};
/* End PBXShellScriptBuildPhase section */

/* Begin PBXSourcesBuildPhase section */
		2634DE871BB52A1900F7EF4A /* Sources */ = {
			isa = PBXSourcesBuildPhase;
			buildActionMask = 2147483647;
			files = (
				2634DE961BB52A1A00F7EF4A /* ViewController.m in Sources */,
				2634DE931BB52A1A00F7EF4A /* AppDelegate.m in Sources */,
				2634DE901BB52A1A00F7EF4A /* main.m in Sources */,
				26DA16A81BB582DD00EFC2DC /* UIColor+Helpers.m in Sources */,
				26DA16A91BB582DD00EFC2DC /* UIImage+Helpers.m in Sources */,
			);
			runOnlyForDeploymentPostprocessing = 0;
		};
		2634DEA01BB52A1A00F7EF4A /* Sources */ = {
			isa = PBXSourcesBuildPhase;
			buildActionMask = 2147483647;
			files = (
				2634DEA91BB52A1A00F7EF4A /* egov_dtpTests.m in Sources */,
			);
			runOnlyForDeploymentPostprocessing = 0;
		};
		2634DEAB1BB52A1A00F7EF4A /* Sources */ = {
			isa = PBXSourcesBuildPhase;
			buildActionMask = 2147483647;
			files = (
				2634DEB41BB52A1A00F7EF4A /* egov_dtpUITests.m in Sources */,
			);
			runOnlyForDeploymentPostprocessing = 0;
		};
/* End PBXSourcesBuildPhase section */

/* Begin PBXTargetDependency section */
		2634DEA61BB52A1A00F7EF4A /* PBXTargetDependency */ = {
			isa = PBXTargetDependency;
			target = 2634DE8A1BB52A1900F7EF4A /* egov_dtp */;
			targetProxy = 2634DEA51BB52A1A00F7EF4A /* PBXContainerItemProxy */;
		};
		2634DEB11BB52A1A00F7EF4A /* PBXTargetDependency */ = {
			isa = PBXTargetDependency;
			target = 2634DE8A1BB52A1900F7EF4A /* egov_dtp */;
			targetProxy = 2634DEB01BB52A1A00F7EF4A /* PBXContainerItemProxy */;
		};
/* End PBXTargetDependency section */

/* Begin PBXVariantGroup section */
		2634DE971BB52A1A00F7EF4A /* Main.storyboard */ = {
			isa = PBXVariantGroup;
			children = (
				2634DE981BB52A1A00F7EF4A /* Base */,
			);
			name = Main.storyboard;
			sourceTree = "<group>";
		};
		2634DE9C1BB52A1A00F7EF4A /* LaunchScreen.storyboard */ = {
			isa = PBXVariantGroup;
			children = (
				2634DE9D1BB52A1A00F7EF4A /* Base */,
			);
			name = LaunchScreen.storyboard;
			sourceTree = "<group>";
		};
/* End PBXVariantGroup section */

/* Begin XCBuildConfiguration section */
		2634DEB61BB52A1A00F7EF4A /* Debug */ = {
			isa = XCBuildConfiguration;
			buildSettings = {
				ALWAYS_SEARCH_USER_PATHS = NO;
				CLANG_CXX_LANGUAGE_STANDARD = "gnu++0x";
				CLANG_CXX_LIBRARY = "libc++";
				CLANG_ENABLE_MODULES = YES;
				CLANG_ENABLE_OBJC_ARC = YES;
				CLANG_WARN_BOOL_CONVERSION = YES;
				CLANG_WARN_CONSTANT_CONVERSION = YES;
				CLANG_WARN_DIRECT_OBJC_ISA_USAGE = YES_ERROR;
				CLANG_WARN_EMPTY_BODY = YES;
				CLANG_WARN_ENUM_CONVERSION = YES;
				CLANG_WARN_INT_CONVERSION = YES;
				CLANG_WARN_OBJC_ROOT_CLASS = YES_ERROR;
				CLANG_WARN_UNREACHABLE_CODE = YES;
				CLANG_WARN__DUPLICATE_METHOD_MATCH = YES;
				"CODE_SIGN_IDENTITY[sdk=iphoneos*]" = "iPhone Developer";
				COPY_PHASE_STRIP = NO;
				DEBUG_INFORMATION_FORMAT = dwarf;
				ENABLE_STRICT_OBJC_MSGSEND = YES;
				ENABLE_TESTABILITY = YES;
				GCC_C_LANGUAGE_STANDARD = gnu99;
				GCC_DYNAMIC_NO_PIC = NO;
				GCC_NO_COMMON_BLOCKS = YES;
				GCC_OPTIMIZATION_LEVEL = 0;
				GCC_PREPROCESSOR_DEFINITIONS = (
					"DEBUG=1",
					"$(inherited)",
				);
				GCC_WARN_64_TO_32_BIT_CONVERSION = YES;
				GCC_WARN_ABOUT_RETURN_TYPE = YES_ERROR;
				GCC_WARN_UNDECLARED_SELECTOR = YES;
				GCC_WARN_UNINITIALIZED_AUTOS = YES_AGGRESSIVE;
				GCC_WARN_UNUSED_FUNCTION = YES;
				GCC_WARN_UNUSED_VARIABLE = YES;
				IPHONEOS_DEPLOYMENT_TARGET = 9.0;
				MTL_ENABLE_DEBUG_INFO = YES;
				ONLY_ACTIVE_ARCH = YES;
				SDKROOT = iphoneos;
			};
			name = Debug;
		};
		2634DEB71BB52A1A00F7EF4A /* Release */ = {
			isa = XCBuildConfiguration;
			buildSettings = {
				ALWAYS_SEARCH_USER_PATHS = NO;
				CLANG_CXX_LANGUAGE_STANDARD = "gnu++0x";
				CLANG_CXX_LIBRARY = "libc++";
				CLANG_ENABLE_MODULES = YES;
				CLANG_ENABLE_OBJC_ARC = YES;
				CLANG_WARN_BOOL_CONVERSION = YES;
				CLANG_WARN_CONSTANT_CONVERSION = YES;
				CLANG_WARN_DIRECT_OBJC_ISA_USAGE = YES_ERROR;
				CLANG_WARN_EMPTY_BODY = YES;
				CLANG_WARN_ENUM_CONVERSION = YES;
				CLANG_WARN_INT_CONVERSION = YES;
				CLANG_WARN_OBJC_ROOT_CLASS = YES_ERROR;
				CLANG_WARN_UNREACHABLE_CODE = YES;
				CLANG_WARN__DUPLICATE_METHOD_MATCH = YES;
				"CODE_SIGN_IDENTITY[sdk=iphoneos*]" = "iPhone Developer";
				COPY_PHASE_STRIP = NO;
				DEBUG_INFORMATION_FORMAT = "dwarf-with-dsym";
				ENABLE_NS_ASSERTIONS = NO;
				ENABLE_STRICT_OBJC_MSGSEND = YES;
				GCC_C_LANGUAGE_STANDARD = gnu99;
				GCC_NO_COMMON_BLOCKS = YES;
				GCC_WARN_64_TO_32_BIT_CONVERSION = YES;
				GCC_WARN_ABOUT_RETURN_TYPE = YES_ERROR;
				GCC_WARN_UNDECLARED_SELECTOR = YES;
				GCC_WARN_UNINITIALIZED_AUTOS = YES_AGGRESSIVE;
				GCC_WARN_UNUSED_FUNCTION = YES;
				GCC_WARN_UNUSED_VARIABLE = YES;
				IPHONEOS_DEPLOYMENT_TARGET = 9.0;
				MTL_ENABLE_DEBUG_INFO = NO;
				SDKROOT = iphoneos;
				VALIDATE_PRODUCT = YES;
			};
			name = Release;
		};
		2634DEB91BB52A1A00F7EF4A /* Debug */ = {
			isa = XCBuildConfiguration;
			baseConfigurationReference = 741245E981599091538023C4 /* Pods.debug.xcconfig */;
			buildSettings = {
				ASSETCATALOG_COMPILER_APPICON_NAME = AppIcon;
				INFOPLIST_FILE = egov_dtp/Info.plist;
				LD_RUNPATH_SEARCH_PATHS = "$(inherited) @executable_path/Frameworks";
				PRODUCT_BUNDLE_IDENTIFIER = "dauren.egov-dtp";
				PRODUCT_NAME = "$(TARGET_NAME)";
			};
			name = Debug;
		};
		2634DEBA1BB52A1A00F7EF4A /* Release */ = {
			isa = XCBuildConfiguration;
			baseConfigurationReference = 97ACC26232790107BB10DAD2 /* Pods.release.xcconfig */;
			buildSettings = {
				ASSETCATALOG_COMPILER_APPICON_NAME = AppIcon;
				INFOPLIST_FILE = egov_dtp/Info.plist;
				LD_RUNPATH_SEARCH_PATHS = "$(inherited) @executable_path/Frameworks";
				PRODUCT_BUNDLE_IDENTIFIER = "dauren.egov-dtp";
				PRODUCT_NAME = "$(TARGET_NAME)";
			};
			name = Release;
		};
		2634DEBC1BB52A1A00F7EF4A /* Debug */ = {
			isa = XCBuildConfiguration;
			buildSettings = {
				BUNDLE_LOADER = "$(TEST_HOST)";
				INFOPLIST_FILE = egov_dtpTests/Info.plist;
				LD_RUNPATH_SEARCH_PATHS = "$(inherited) @executable_path/Frameworks @loader_path/Frameworks";
				PRODUCT_BUNDLE_IDENTIFIER = "dauren.egov-dtpTests";
				PRODUCT_NAME = "$(TARGET_NAME)";
				TEST_HOST = "$(BUILT_PRODUCTS_DIR)/egov_dtp.app/egov_dtp";
			};
			name = Debug;
		};
		2634DEBD1BB52A1A00F7EF4A /* Release */ = {
			isa = XCBuildConfiguration;
			buildSettings = {
				BUNDLE_LOADER = "$(TEST_HOST)";
				INFOPLIST_FILE = egov_dtpTests/Info.plist;
				LD_RUNPATH_SEARCH_PATHS = "$(inherited) @executable_path/Frameworks @loader_path/Frameworks";
				PRODUCT_BUNDLE_IDENTIFIER = "dauren.egov-dtpTests";
				PRODUCT_NAME = "$(TARGET_NAME)";
				TEST_HOST = "$(BUILT_PRODUCTS_DIR)/egov_dtp.app/egov_dtp";
			};
			name = Release;
		};
		2634DEBF1BB52A1A00F7EF4A /* Debug */ = {
			isa = XCBuildConfiguration;
			buildSettings = {
				INFOPLIST_FILE = egov_dtpUITests/Info.plist;
				LD_RUNPATH_SEARCH_PATHS = "$(inherited) @executable_path/Frameworks @loader_path/Frameworks";
				PRODUCT_BUNDLE_IDENTIFIER = "dauren.egov-dtpUITests";
				PRODUCT_NAME = "$(TARGET_NAME)";
				TEST_TARGET_NAME = egov_dtp;
				USES_XCTRUNNER = YES;
			};
			name = Debug;
		};
		2634DEC01BB52A1A00F7EF4A /* Release */ = {
			isa = XCBuildConfiguration;
			buildSettings = {
				INFOPLIST_FILE = egov_dtpUITests/Info.plist;
				LD_RUNPATH_SEARCH_PATHS = "$(inherited) @executable_path/Frameworks @loader_path/Frameworks";
				PRODUCT_BUNDLE_IDENTIFIER = "dauren.egov-dtpUITests";
				PRODUCT_NAME = "$(TARGET_NAME)";
				TEST_TARGET_NAME = egov_dtp;
				USES_XCTRUNNER = YES;
			};
			name = Release;
		};
/* End XCBuildConfiguration section */

/* Begin XCConfigurationList section */
		2634DE861BB52A1900F7EF4A /* Build configuration list for PBXProject "egov_dtp" */ = {
			isa = XCConfigurationList;
			buildConfigurations = (
				2634DEB61BB52A1A00F7EF4A /* Debug */,
				2634DEB71BB52A1A00F7EF4A /* Release */,
			);
			defaultConfigurationIsVisible = 0;
			defaultConfigurationName = Release;
		};
		2634DEB81BB52A1A00F7EF4A /* Build configuration list for PBXNativeTarget "egov_dtp" */ = {
			isa = XCConfigurationList;
			buildConfigurations = (
				2634DEB91BB52A1A00F7EF4A /* Debug */,
				2634DEBA1BB52A1A00F7EF4A /* Release */,
			);
			defaultConfigurationIsVisible = 0;
			defaultConfigurationName = Release;
		};
		2634DEBB1BB52A1A00F7EF4A /* Build configuration list for PBXNativeTarget "egov_dtpTests" */ = {
			isa = XCConfigurationList;
			buildConfigurations = (
				2634DEBC1BB52A1A00F7EF4A /* Debug */,
				2634DEBD1BB52A1A00F7EF4A /* Release */,
			);
			defaultConfigurationIsVisible = 0;
			defaultConfigurationName = Release;
		};
		2634DEBE1BB52A1A00F7EF4A /* Build configuration list for PBXNativeTarget "egov_dtpUITests" */ = {
			isa = XCConfigurationList;
			buildConfigurations = (
				2634DEBF1BB52A1A00F7EF4A /* Debug */,
				2634DEC01BB52A1A00F7EF4A /* Release */,
			);
			defaultConfigurationIsVisible = 0;
			defaultConfigurationName = Release;
		};
/* End XCConfigurationList section */
	};
	rootObject = 2634DE831BB52A1900F7EF4A /* Project object */;
}
